api:
  class: BattlePetMgr
  method: HasJournalLock
  signature: bool BattlePetMgr::HasJournalLock() const
documentation:
  brief: Checks whether the battle pet journal is currently locked.
  description: The HasJournalLock method determines if the player's battle pet journal
    is in a locked state, preventing modifications or access to certain features.
    This typically occurs during specific game events, transitions, or when the journal
    is temporarily restricted for gameplay balance reasons. The method returns a boolean
    value indicating the lock status of the journal.
  parameters: []
  returns: True if the battle pet journal is locked, false otherwise.
  examples:
  - title: Check if Journal is Locked
    code: "if (player->GetBattlePetMgr()->HasJournalLock()) {\n    // Handle locked\
      \ journal state\n    sLog->outString(\"Battle Pet Journal is currently locked.\"\
      );\n} else {\n    // Proceed with normal journal operations\n    sLog->outString(\"\
      Battle Pet Journal is accessible.\");\n}"
    language: cpp
  notes: This method likely interacts with internal game state flags or cooldown systems
    related to battle pet management. It may be used in conjunction with UI updates
    or event handling to prevent user interaction when the journal is locked.
  warnings: null
  related:
  - SetJournalLock
  - IsBattlePetJournalLocked
metadata:
  confidence: 0.85
  generated_at: '2025-11-01T17:53:11.391397'
  generator: lmstudio-qwen3-coder-30b
  version: 1.0.0
  source: core
