api:
  class: InstanceMap
  method: UpdateInstanceLock
  signature: void InstanceMap::UpdateInstanceLock(const UpdateAdditionalSaveDataEvent
    & updateSaveDataEvent)
documentation:
  brief: Updates the instance lock status based on the provided save data event.
  description: The UpdateInstanceLock method is responsible for managing the locking
    state of an instance map in TrinityCore. It processes an UpdateAdditionalSaveDataEvent
    to determine whether the instance should be locked or unlocked, typically triggered
    by player actions such as entering or leaving a dungeon. This method ensures that
    instance locks are properly synchronized with the game state and player progress.
    The method does not directly modify the lock status itself but rather evaluates
    the event data to decide how to update the instance's lock information.
  parameters:
  - name: updateSaveDataEvent
    description: An UpdateAdditionalSaveDataEvent object containing information about
      the save data update that triggered this lock update. This event typically includes
      player-related data, instance state changes, and other relevant context for
      determining lock status.
  returns: null
  examples:
  - title: Basic usage of UpdateInstanceLock
    code: 'UpdateAdditionalSaveDataEvent event;

      // Populate event with relevant data

      instanceMap->UpdateInstanceLock(event);'
    language: cpp
  notes: This method is typically called internally by the TrinityCore framework when
    instance-related save data needs to be updated. Developers should not call this
    method directly unless implementing custom instance locking logic. The method
    may perform database operations to persist lock state changes.
  warnings: Calling this method with an improperly initialized UpdateAdditionalSaveDataEvent
    can lead to inconsistent instance states or database corruption. Ensure all event
    data is properly populated before invoking this method.
  related:
  - GetInstanceLock
  - IsInstanceLocked
  - UpdateAdditionalSaveData
metadata:
  confidence: 0.85
  generated_at: '2025-11-02T05:34:19.639687'
  generator: lmstudio-qwen3-coder-30b
  version: 1.0.0
  source: core
