api:
  class: Spell
  method: EffectOpenLock
  signature: void Spell::EffectOpenLock()
documentation:
  brief: Opens locks and containers using spell effects.
  description: The EffectOpenLock method handles the opening of locks and containers
    through spell effects, typically used when a player interacts with lockable objects
    such as chests, doors, or other container objects. This method is part of the
    Spell class and executes during spell cast completion, allowing players to interact
    with locked objects in the game world. It is commonly used for unlocking items
    like chests, doors, or keyholes that require a specific skill or item to open.
  parameters: []
  returns: null
  examples:
  - title: Basic usage example
    code: "void Spell::EffectOpenLock() {\n    // Implementation details\n    // Opens\
      \ lock on target object\n}"
    language: cpp
  notes: This method is typically called during spell execution when the spell effect
    requires opening a lock or container. It may involve checking player's skill level,
    item requirements, or other conditions before allowing access to the locked object.
  warnings: null
  related: []
metadata:
  confidence: 0.95
  generated_at: '2025-10-30T22:21:27.938020'
  generator: lmstudio-qwen3-coder-30b
  version: 1.0.0
  source: core
